
Microsoft Visual Studio Solution File, Format Version 12.00
# Visual Studio Version 16
VisualStudioVersion = 16.0.30503.244
MinimumVisualStudioVersion = 10.0.40219.1
Project("{FAE04EC0-301F-11D3-BF4B-00C04F79EFBC}") = "NewUI", "NewUI\NewUI.csproj", "{3F01B9EE-28C4-4BD1-B0AB-01C39D14EE61}"
EndProject
Global
	GlobalSection(SolutionConfigurationPlatforms) = preSolution
		Debug|Any CPU = Debug|Any CPU
		Release|Any CPU = Release|Any CPU
	EndGlobalSection
	GlobalSection(ProjectConfigurationPlatforms) = postSolution
		{3F01B9EE-28C4-4BD1-B0AB-01C39D14EE61}.Debug|Any CPU.ActiveCfg = Debug|Any CPU
		{3F01B9EE-28C4-4BD1-B0AB-01C39D14EE61}.Debug|Any CPU.Build.0 = Debug|Any CPU
		{3F01B9EE-28C4-4BD1-B0AB-01C39D14EE61}.Release|Any CPU.ActiveCfg = Release|Any CPU
		{3F01B9EE-28C4-4BD1-B0AB-01C39D14EE61}.Release|Any CPU.Build.0 = Release|Any CPU
	EndGlobalSection
	GlobalSection(SolutionProperties) = preSolution
		HideSolutionNode = FALSE
	EndGlobalSection
	GlobalSection(ExtensibilityGlobals) = postSolution
		SolutionGuid = {35170E31-192C-49EA-91E6-1B6DCEEAA906}
	EndGlobalSection
EndGlobal
